
Microsoft Visual Studio Solution File, Format Version 12.00
# Visual Studio Version 16
VisualStudioVersion = 16.0.29102.190
MinimumVisualStudioVersion = 10.0.40219.1
Project("{FAE04EC0-301F-11D3-BF4B-00C04F79EFBC}") = "Disk Wiper", "Disk Wiper.csproj", "{344F2EFF-3217-496C-BFC5-F52D8F2A7ED0}"
EndProject
Global
	GlobalSection(SolutionConfigurationPlatforms) = preSolution
		Debug|Any CPU = Debug|Any CPU
		Release|Any CPU = Release|Any CPU
	EndGlobalSection
	GlobalSection(ProjectConfigurationPlatforms) = postSolution
		{344F2EFF-3217-496C-BFC5-F52D8F2A7ED0}.Debug|Any CPU.ActiveCfg = Debug|Any CPU
		{344F2EFF-3217-496C-BFC5-F52D8F2A7ED0}.Debug|Any CPU.Build.0 = Debug|Any CPU
		{344F2EFF-3217-496C-BFC5-F52D8F2A7ED0}.Release|Any CPU.ActiveCfg = Release|Any CPU
		{344F2EFF-3217-496C-BFC5-F52D8F2A7ED0}.Release|Any CPU.Build.0 = Release|Any CPU
	EndGlobalSection
	GlobalSection(SolutionProperties) = preSolution
		HideSolutionNode = FALSE
	EndGlobalSection
	GlobalSection(ExtensibilityGlobals) = postSolution
		SolutionGuid = {CDFB2F5C-02F5-479E-8D0E-0B11A54F2131}
	EndGlobalSection
EndGlobal
